
Microsoft Visual Studio Solution File, Format Version 12.00
# Visual Studio Version 17
VisualStudioVersion = 17.5.33424.131
MinimumVisualStudioVersion = 10.0.40219.1
Project("{FAE04EC0-301F-11D3-BF4B-00C04F79EFBC}") = "INITest", "INITest\INITest.csproj", "{A8ED6E6E-80D1-4F97-A49E-5F84DF5B8E77}"
EndProject
Global
	GlobalSection(SolutionConfigurationPlatforms) = preSolution
		Debug|Any CPU = Debug|Any CPU
		Release|Any CPU = Release|Any CPU
	EndGlobalSection
	GlobalSection(ProjectConfigurationPlatforms) = postSolution
		{A8ED6E6E-80D1-4F97-A49E-5F84DF5B8E77}.Debug|Any CPU.ActiveCfg = Debug|Any CPU
		{A8ED6E6E-80D1-4F97-A49E-5F84DF5B8E77}.Debug|Any CPU.Build.0 = Debug|Any CPU
		{A8ED6E6E-80D1-4F97-A49E-5F84DF5B8E77}.Release|Any CPU.ActiveCfg = Release|Any CPU
		{A8ED6E6E-80D1-4F97-A49E-5F84DF5B8E77}.Release|Any CPU.Build.0 = Release|Any CPU
	EndGlobalSection
	GlobalSection(SolutionProperties) = preSolution
		HideSolutionNode = FALSE
	EndGlobalSection
	GlobalSection(ExtensibilityGlobals) = postSolution
		SolutionGuid = {15194B6F-2472-4CC4-ADEA-8E33330936F1}
	EndGlobalSection
EndGlobal
