
Microsoft Visual Studio Solution File, Format Version 12.00
# Visual Studio Version 17
VisualStudioVersion = 17.7.34031.279
MinimumVisualStudioVersion = 10.0.40219.1
Project("{FAE04EC0-301F-11D3-BF4B-00C04F79EFBC}") = "Day10_1", "Day10_1\Day10_1.csproj", "{9B99394B-654D-42EB-88C5-A9917AED086E}"
EndProject
Project("{FAE04EC0-301F-11D3-BF4B-00C04F79EFBC}") = "Day10_2", "Day10_2\Day10_2.csproj", "{482DD1A7-58E9-48BA-946C-18A89066476B}"
EndProject
Project("{FAE04EC0-301F-11D3-BF4B-00C04F79EFBC}") = "Day10_3", "Day10_3\Day10_3.csproj", "{365343AC-6C24-41C7-8472-B3F9D30511A2}"
EndProject
Project("{FAE04EC0-301F-11D3-BF4B-00C04F79EFBC}") = "Day10_4", "Day10_4\Day10_4.csproj", "{8B5A1FF0-ACCE-4924-ABB9-E3F4BDA20198}"
EndProject
Global
	GlobalSection(SolutionConfigurationPlatforms) = preSolution
		Debug|Any CPU = Debug|Any CPU
		Release|Any CPU = Release|Any CPU
	EndGlobalSection
	GlobalSection(ProjectConfigurationPlatforms) = postSolution
		{9B99394B-654D-42EB-88C5-A9917AED086E}.Debug|Any CPU.ActiveCfg = Debug|Any CPU
		{9B99394B-654D-42EB-88C5-A9917AED086E}.Debug|Any CPU.Build.0 = Debug|Any CPU
		{9B99394B-654D-42EB-88C5-A9917AED086E}.Release|Any CPU.ActiveCfg = Release|Any CPU
		{9B99394B-654D-42EB-88C5-A9917AED086E}.Release|Any CPU.Build.0 = Release|Any CPU
		{482DD1A7-58E9-48BA-946C-18A89066476B}.Debug|Any CPU.ActiveCfg = Debug|Any CPU
		{482DD1A7-58E9-48BA-946C-18A89066476B}.Debug|Any CPU.Build.0 = Debug|Any CPU
		{482DD1A7-58E9-48BA-946C-18A89066476B}.Release|Any CPU.ActiveCfg = Release|Any CPU
		{482DD1A7-58E9-48BA-946C-18A89066476B}.Release|Any CPU.Build.0 = Release|Any CPU
		{365343AC-6C24-41C7-8472-B3F9D30511A2}.Debug|Any CPU.ActiveCfg = Debug|Any CPU
		{365343AC-6C24-41C7-8472-B3F9D30511A2}.Debug|Any CPU.Build.0 = Debug|Any CPU
		{365343AC-6C24-41C7-8472-B3F9D30511A2}.Release|Any CPU.ActiveCfg = Release|Any CPU
		{365343AC-6C24-41C7-8472-B3F9D30511A2}.Release|Any CPU.Build.0 = Release|Any CPU
		{8B5A1FF0-ACCE-4924-ABB9-E3F4BDA20198}.Debug|Any CPU.ActiveCfg = Debug|Any CPU
		{8B5A1FF0-ACCE-4924-ABB9-E3F4BDA20198}.Debug|Any CPU.Build.0 = Debug|Any CPU
		{8B5A1FF0-ACCE-4924-ABB9-E3F4BDA20198}.Release|Any CPU.ActiveCfg = Release|Any CPU
		{8B5A1FF0-ACCE-4924-ABB9-E3F4BDA20198}.Release|Any CPU.Build.0 = Release|Any CPU
	EndGlobalSection
	GlobalSection(SolutionProperties) = preSolution
		HideSolutionNode = FALSE
	EndGlobalSection
	GlobalSection(ExtensibilityGlobals) = postSolution
		SolutionGuid = {F42E5B1B-B156-4EC0-ACFB-DEAE3A8B0860}
	EndGlobalSection
EndGlobal
