
Microsoft Visual Studio Solution File, Format Version 12.00
# Visual Studio Version 17
VisualStudioVersion = 17.7.34031.279
MinimumVisualStudioVersion = 10.0.40219.1
Project("{FAE04EC0-301F-11D3-BF4B-00C04F79EFBC}") = "work10_30", "work10_30.csproj", "{7CEE1343-2220-4C41-90E6-EF7FCD56C6C3}"
EndProject
Global
	GlobalSection(SolutionConfigurationPlatforms) = preSolution
		Debug|Any CPU = Debug|Any CPU
		Release|Any CPU = Release|Any CPU
	EndGlobalSection
	GlobalSection(ProjectConfigurationPlatforms) = postSolution
		{7CEE1343-2220-4C41-90E6-EF7FCD56C6C3}.Debug|Any CPU.ActiveCfg = Debug|Any CPU
		{7CEE1343-2220-4C41-90E6-EF7FCD56C6C3}.Debug|Any CPU.Build.0 = Debug|Any CPU
		{7CEE1343-2220-4C41-90E6-EF7FCD56C6C3}.Release|Any CPU.ActiveCfg = Release|Any CPU
		{7CEE1343-2220-4C41-90E6-EF7FCD56C6C3}.Release|Any CPU.Build.0 = Release|Any CPU
	EndGlobalSection
	GlobalSection(SolutionProperties) = preSolution
		HideSolutionNode = FALSE
	EndGlobalSection
	GlobalSection(ExtensibilityGlobals) = postSolution
		SolutionGuid = {9B76F5C2-F7C7-4EA3-853E-9A4E7FC2FA5A}
	EndGlobalSection
EndGlobal
