
Microsoft Visual Studio Solution File, Format Version 12.00
# Visual Studio Version 17
VisualStudioVersion = 17.7.34031.279
MinimumVisualStudioVersion = 10.0.40219.1
Project("{FAE04EC0-301F-11D3-BF4B-00C04F79EFBC}") = "Day17_1", "Day17_1\Day17_1.csproj", "{8151EC8C-D8F1-44F9-87DF-43BAB950D281}"
EndProject
Global
	GlobalSection(SolutionConfigurationPlatforms) = preSolution
		Debug|Any CPU = Debug|Any CPU
		Release|Any CPU = Release|Any CPU
	EndGlobalSection
	GlobalSection(ProjectConfigurationPlatforms) = postSolution
		{8151EC8C-D8F1-44F9-87DF-43BAB950D281}.Debug|Any CPU.ActiveCfg = Debug|Any CPU
		{8151EC8C-D8F1-44F9-87DF-43BAB950D281}.Debug|Any CPU.Build.0 = Debug|Any CPU
		{8151EC8C-D8F1-44F9-87DF-43BAB950D281}.Release|Any CPU.ActiveCfg = Release|Any CPU
		{8151EC8C-D8F1-44F9-87DF-43BAB950D281}.Release|Any CPU.Build.0 = Release|Any CPU
	EndGlobalSection
	GlobalSection(SolutionProperties) = preSolution
		HideSolutionNode = FALSE
	EndGlobalSection
	GlobalSection(ExtensibilityGlobals) = postSolution
		SolutionGuid = {8B4FD64B-C558-46CD-89B9-F471DA399781}
	EndGlobalSection
EndGlobal
