
Microsoft Visual Studio Solution File, Format Version 12.00
# Visual Studio Version 17
VisualStudioVersion = 17.7.34031.279
MinimumVisualStudioVersion = 10.0.40219.1
Project("{FAE04EC0-301F-11D3-BF4B-00C04F79EFBC}") = "work_10.26", "work_10.26.csproj", "{04784A96-1790-41CB-95D4-41A0E195EAE5}"
EndProject
Global
	GlobalSection(SolutionConfigurationPlatforms) = preSolution
		Debug|Any CPU = Debug|Any CPU
		Release|Any CPU = Release|Any CPU
	EndGlobalSection
	GlobalSection(ProjectConfigurationPlatforms) = postSolution
		{04784A96-1790-41CB-95D4-41A0E195EAE5}.Debug|Any CPU.ActiveCfg = Debug|Any CPU
		{04784A96-1790-41CB-95D4-41A0E195EAE5}.Debug|Any CPU.Build.0 = Debug|Any CPU
		{04784A96-1790-41CB-95D4-41A0E195EAE5}.Release|Any CPU.ActiveCfg = Release|Any CPU
		{04784A96-1790-41CB-95D4-41A0E195EAE5}.Release|Any CPU.Build.0 = Release|Any CPU
	EndGlobalSection
	GlobalSection(SolutionProperties) = preSolution
		HideSolutionNode = FALSE
	EndGlobalSection
	GlobalSection(ExtensibilityGlobals) = postSolution
		SolutionGuid = {67B27CC3-7DA6-4FD6-BAC1-B1F4D100460B}
	EndGlobalSection
EndGlobal
