
Microsoft Visual Studio Solution File, Format Version 12.00
# Visual Studio Version 17
VisualStudioVersion = 17.5.33424.131
MinimumVisualStudioVersion = 10.0.40219.1
Project("{FAE04EC0-301F-11D3-BF4B-00C04F79EFBC}") = "ZhiYou_226_8_Day_8_1", "ZhiYou_226_8_Day_8_1\ZhiYou_226_8_Day_8_1.csproj", "{DC44F28E-7E61-4CF0-ACE4-FA0751FA94E2}"
EndProject
Project("{FAE04EC0-301F-11D3-BF4B-00C04F79EFBC}") = "ZhiYou_226_8_Day8_2", "ZhiYou_226_8_Day8_2\ZhiYou_226_8_Day8_2.csproj", "{CFCF1992-1B6A-4012-A2F3-791E560EF416}"
EndProject
Global
	GlobalSection(SolutionConfigurationPlatforms) = preSolution
		Debug|Any CPU = Debug|Any CPU
		Release|Any CPU = Release|Any CPU
	EndGlobalSection
	GlobalSection(ProjectConfigurationPlatforms) = postSolution
		{DC44F28E-7E61-4CF0-ACE4-FA0751FA94E2}.Debug|Any CPU.ActiveCfg = Debug|Any CPU
		{DC44F28E-7E61-4CF0-ACE4-FA0751FA94E2}.Debug|Any CPU.Build.0 = Debug|Any CPU
		{DC44F28E-7E61-4CF0-ACE4-FA0751FA94E2}.Release|Any CPU.ActiveCfg = Release|Any CPU
		{DC44F28E-7E61-4CF0-ACE4-FA0751FA94E2}.Release|Any CPU.Build.0 = Release|Any CPU
		{CFCF1992-1B6A-4012-A2F3-791E560EF416}.Debug|Any CPU.ActiveCfg = Debug|Any CPU
		{CFCF1992-1B6A-4012-A2F3-791E560EF416}.Debug|Any CPU.Build.0 = Debug|Any CPU
		{CFCF1992-1B6A-4012-A2F3-791E560EF416}.Release|Any CPU.ActiveCfg = Release|Any CPU
		{CFCF1992-1B6A-4012-A2F3-791E560EF416}.Release|Any CPU.Build.0 = Release|Any CPU
	EndGlobalSection
	GlobalSection(SolutionProperties) = preSolution
		HideSolutionNode = FALSE
	EndGlobalSection
	GlobalSection(ExtensibilityGlobals) = postSolution
		SolutionGuid = {EAA2DB72-1907-4A9E-AA94-3F49E0E2DDD5}
	EndGlobalSection
EndGlobal
