
Microsoft Visual Studio Solution File, Format Version 12.00
# Visual Studio Version 17
VisualStudioVersion = 17.7.34031.279
MinimumVisualStudioVersion = 10.0.40219.1
Project("{FAE04EC0-301F-11D3-BF4B-00C04F79EFBC}") = "work_11_13", "work_11_13.csproj", "{02EC036E-0A83-494D-AF4F-857870BDDBE3}"
EndProject
Global
	GlobalSection(SolutionConfigurationPlatforms) = preSolution
		Debug|Any CPU = Debug|Any CPU
		Release|Any CPU = Release|Any CPU
	EndGlobalSection
	GlobalSection(ProjectConfigurationPlatforms) = postSolution
		{02EC036E-0A83-494D-AF4F-857870BDDBE3}.Debug|Any CPU.ActiveCfg = Debug|Any CPU
		{02EC036E-0A83-494D-AF4F-857870BDDBE3}.Debug|Any CPU.Build.0 = Debug|Any CPU
		{02EC036E-0A83-494D-AF4F-857870BDDBE3}.Release|Any CPU.ActiveCfg = Release|Any CPU
		{02EC036E-0A83-494D-AF4F-857870BDDBE3}.Release|Any CPU.Build.0 = Release|Any CPU
	EndGlobalSection
	GlobalSection(SolutionProperties) = preSolution
		HideSolutionNode = FALSE
	EndGlobalSection
	GlobalSection(ExtensibilityGlobals) = postSolution
		SolutionGuid = {E5499A0D-79C3-4F69-9C14-04C3DE9D1468}
	EndGlobalSection
EndGlobal
