
Microsoft Visual Studio Solution File, Format Version 12.00
# Visual Studio Version 17
VisualStudioVersion = 17.5.33424.131
MinimumVisualStudioVersion = 10.0.40219.1
Project("{FAE04EC0-301F-11D3-BF4B-00C04F79EFBC}") = "ZhiYou_226_8_Day5_1", "ZhiYou_226_8_Day5_1\ZhiYou_226_8_Day5_1.csproj", "{531D3BE5-3D42-443A-9B1A-61CDF6624151}"
EndProject
Project("{FAE04EC0-301F-11D3-BF4B-00C04F79EFBC}") = "ZhiYou_226_8_Day5_2", "ZhiYou_226_8_Day5_2\ZhiYou_226_8_Day5_2.csproj", "{21527B4E-0337-4097-89C2-AC3D783BF6E1}"
EndProject
Global
	GlobalSection(SolutionConfigurationPlatforms) = preSolution
		Debug|Any CPU = Debug|Any CPU
		Release|Any CPU = Release|Any CPU
	EndGlobalSection
	GlobalSection(ProjectConfigurationPlatforms) = postSolution
		{531D3BE5-3D42-443A-9B1A-61CDF6624151}.Debug|Any CPU.ActiveCfg = Debug|Any CPU
		{531D3BE5-3D42-443A-9B1A-61CDF6624151}.Debug|Any CPU.Build.0 = Debug|Any CPU
		{531D3BE5-3D42-443A-9B1A-61CDF6624151}.Release|Any CPU.ActiveCfg = Release|Any CPU
		{531D3BE5-3D42-443A-9B1A-61CDF6624151}.Release|Any CPU.Build.0 = Release|Any CPU
		{21527B4E-0337-4097-89C2-AC3D783BF6E1}.Debug|Any CPU.ActiveCfg = Debug|Any CPU
		{21527B4E-0337-4097-89C2-AC3D783BF6E1}.Debug|Any CPU.Build.0 = Debug|Any CPU
		{21527B4E-0337-4097-89C2-AC3D783BF6E1}.Release|Any CPU.ActiveCfg = Release|Any CPU
		{21527B4E-0337-4097-89C2-AC3D783BF6E1}.Release|Any CPU.Build.0 = Release|Any CPU
	EndGlobalSection
	GlobalSection(SolutionProperties) = preSolution
		HideSolutionNode = FALSE
	EndGlobalSection
	GlobalSection(ExtensibilityGlobals) = postSolution
		SolutionGuid = {110C2C3F-AFFD-48AF-AC68-D3478CCF797F}
	EndGlobalSection
EndGlobal
