
Microsoft Visual Studio Solution File, Format Version 12.00
# Visual Studio Version 17
VisualStudioVersion = 17.7.34031.279
MinimumVisualStudioVersion = 10.0.40219.1
Project("{FAE04EC0-301F-11D3-BF4B-00C04F79EFBC}") = "Day18_1", "Day18_1\Day18_1.csproj", "{1487D127-13C3-4006-B545-C3F706FCECB8}"
EndProject
Project("{FAE04EC0-301F-11D3-BF4B-00C04F79EFBC}") = "Day18_2", "Day18_2\Day18_2.csproj", "{2389BDE9-F236-4669-81C7-EA340E074F9C}"
EndProject
Project("{FAE04EC0-301F-11D3-BF4B-00C04F79EFBC}") = "Day18_3", "Day18_3\Day18_3.csproj", "{339B3C98-6119-4731-97FC-54CD72165D17}"
EndProject
Global
	GlobalSection(SolutionConfigurationPlatforms) = preSolution
		Debug|Any CPU = Debug|Any CPU
		Release|Any CPU = Release|Any CPU
	EndGlobalSection
	GlobalSection(ProjectConfigurationPlatforms) = postSolution
		{1487D127-13C3-4006-B545-C3F706FCECB8}.Debug|Any CPU.ActiveCfg = Debug|Any CPU
		{1487D127-13C3-4006-B545-C3F706FCECB8}.Debug|Any CPU.Build.0 = Debug|Any CPU
		{1487D127-13C3-4006-B545-C3F706FCECB8}.Release|Any CPU.ActiveCfg = Release|Any CPU
		{1487D127-13C3-4006-B545-C3F706FCECB8}.Release|Any CPU.Build.0 = Release|Any CPU
		{2389BDE9-F236-4669-81C7-EA340E074F9C}.Debug|Any CPU.ActiveCfg = Debug|Any CPU
		{2389BDE9-F236-4669-81C7-EA340E074F9C}.Debug|Any CPU.Build.0 = Debug|Any CPU
		{2389BDE9-F236-4669-81C7-EA340E074F9C}.Release|Any CPU.ActiveCfg = Release|Any CPU
		{2389BDE9-F236-4669-81C7-EA340E074F9C}.Release|Any CPU.Build.0 = Release|Any CPU
		{339B3C98-6119-4731-97FC-54CD72165D17}.Debug|Any CPU.ActiveCfg = Debug|Any CPU
		{339B3C98-6119-4731-97FC-54CD72165D17}.Debug|Any CPU.Build.0 = Debug|Any CPU
		{339B3C98-6119-4731-97FC-54CD72165D17}.Release|Any CPU.ActiveCfg = Release|Any CPU
		{339B3C98-6119-4731-97FC-54CD72165D17}.Release|Any CPU.Build.0 = Release|Any CPU
	EndGlobalSection
	GlobalSection(SolutionProperties) = preSolution
		HideSolutionNode = FALSE
	EndGlobalSection
	GlobalSection(ExtensibilityGlobals) = postSolution
		SolutionGuid = {C5C703A9-9823-435E-BE19-ABB1528ECD30}
	EndGlobalSection
EndGlobal
