
Microsoft Visual Studio Solution File, Format Version 12.00
# Visual Studio Version 17
VisualStudioVersion = 17.7.34031.279
MinimumVisualStudioVersion = 10.0.40219.1
Project("{FAE04EC0-301F-11D3-BF4B-00C04F79EFBC}") = "work_11_06", "work_11_06.csproj", "{105A9C77-A025-4DF1-B6AD-16F73E0C8198}"
EndProject
Global
	GlobalSection(SolutionConfigurationPlatforms) = preSolution
		Debug|Any CPU = Debug|Any CPU
		Release|Any CPU = Release|Any CPU
	EndGlobalSection
	GlobalSection(ProjectConfigurationPlatforms) = postSolution
		{105A9C77-A025-4DF1-B6AD-16F73E0C8198}.Debug|Any CPU.ActiveCfg = Debug|Any CPU
		{105A9C77-A025-4DF1-B6AD-16F73E0C8198}.Debug|Any CPU.Build.0 = Debug|Any CPU
		{105A9C77-A025-4DF1-B6AD-16F73E0C8198}.Release|Any CPU.ActiveCfg = Release|Any CPU
		{105A9C77-A025-4DF1-B6AD-16F73E0C8198}.Release|Any CPU.Build.0 = Release|Any CPU
	EndGlobalSection
	GlobalSection(SolutionProperties) = preSolution
		HideSolutionNode = FALSE
	EndGlobalSection
	GlobalSection(ExtensibilityGlobals) = postSolution
		SolutionGuid = {A99D9B55-3386-4A80-AAAC-AEDFD000A016}
	EndGlobalSection
EndGlobal
